%{"c_monotonic_time": {:git, "https://github.com/magnetised/c_monotonic_time.git", "565adf0a3f0a820ab8a704b1e4a895a704cbccc4", []},
  "cowboy": {:hex, :cowboy, "1.0.4"},
  "cowlib": {:hex, :cowlib, "1.0.2"},
  "decimal": {:hex, :decimal, "1.1.1"},
  "dnssd": {:git, "https://github.com/benoitc/dnssd_erlang.git", "9b2fdb7ff9618102d82f04e4c68ce191c9aa15ba", []},
  "ecto": {:hex, :ecto, "1.1.5"},
  "erlsom": {:git, "https://github.com/willemdj/erlsom.git", "57de181c2dcb2b5355b7419c86acd1b454c55d80", []},
  "esqlite": {:hex, :esqlite, "0.2.2"},
  "fs": {:hex, :fs, "0.9.2"},
  "logger_file_backend": {:hex, :logger_file_backend, "0.0.7"},
  "monotonic": {:git, "https://github.com/magnetised/monotonic.ex.git", "577c7b645850bcb44c4c2d03014178567fad833f", []},
  "phoenix": {:hex, :phoenix, "1.1.4"},
  "phoenix_html": {:hex, :phoenix_html, "2.5.1"},
  "phoenix_live_reload": {:hex, :phoenix_live_reload, "1.0.3"},
  "pipe": {:hex, :pipe, "0.0.2"},
  "plug": {:hex, :plug, "1.1.2"},
  "poison": {:hex, :poison, "1.5.2"},
  "poolboy": {:hex, :poolboy, "1.5.1"},
  "porcelain": {:hex, :porcelain, "2.0.1"},
  "ranch": {:hex, :ranch, "1.2.1"},
  "sqlite_ecto": {:hex, :sqlite_ecto, "1.0.2"},
  "sqlitex": {:hex, :sqlitex, "0.8.3"},
  "uuid": {:hex, :uuid, "1.1.3"}}
